<?xml version="1.0" encoding="UTF-8" standalone="yes" ?>
<CodeBlocks_project_file>
	<FileVersion major="1" minor="6" />
	<Project>
		<Option title="qdamage" />
		<Option pch_mode="2" />
		<Option compiler="gnu_gcc_compiler_720_64bit" />
		<Build>
			<Target title="Debug">
				<Option output="bin/Debug64/qdamage" prefix_auto="1" extension_auto="1" />
				<Option object_output="obj/Debug64/" />
				<Option type="1" />
				<Option compiler="gnu_gcc_compiler_720_64bit" />
				<Compiler>
					<Add option="-g" />
				</Compiler>
			</Target>
			<Target title="Release">
				<Option output="bin/Release64/qdamage" prefix_auto="1" extension_auto="1" />
				<Option object_output="obj/Release64/" />
				<Option type="0" />
				<Option compiler="gnu_gcc_compiler_720_64bit" />
				<Compiler>
					<Add option="-march=corei7" />
					<Add option="-O3" />
					<Add option="-ffast-math" />
				</Compiler>
			</Target>
		</Build>
		<Compiler>
			<Add option="-Wall" />
			<Add option="-std=c++11" />
			<Add option="-m64" />
			<Add directory="SDK/headers/SDL2/include" />
			<Add directory="SDK/headers/OpenEXR/include/OpenEXR" />
		</Compiler>
		<Linker>
			<Add option="-m64" />
			<Add library="mingw32" />
			<Add library="SDK/CodeBlocks_WIN/64/lib/libSDL2main.a" />
			<Add library="SDK/CodeBlocks_WIN/64/lib/libSDL2.dll.a" />
			<Add library="user32" />
			<Add library="gdi32" />
			<Add library="winmm" />
			<Add library="dxguid" />
			<Add library="SDK/CodeBlocks_WIN/64/lib/libIlmImf-2_2.dll.a" />
			<Add library="SDK/CodeBlocks_WIN/64/lib/libImath-2_2.dll.a" />
			<Add library="SDK/CodeBlocks_WIN/64/lib/libIex-2_2.dll.a" />
			<Add library="SDK/CodeBlocks_WIN/64/lib/libHalf.dll.a" />
			<Add library="SDK/CodeBlocks_WIN/64/lib/libIlmThread-2_2.dll.a" />
			<Add library="SDK/CodeBlocks_WIN/64/lib/libIexMath-2_2.dll.a" />
			<Add library="SDK/CodeBlocks_WIN/64/lib/libIlmImfUtil-2_2.dll.a" />
			<Add library="SDK/CodeBlocks_WIN/64/lib/libzlib.dll.a" />
			<Add directory="SDK/CodeBlocks_WIN/64/lib" />
			<Add directory="SDK/CodeBlocks_WIN/64/bin" />
		</Linker>
		<Unit filename="src/bbox.h" />
		<Unit filename="src/bitmap.cpp" />
		<Unit filename="src/bitmap.h" />
		<Unit filename="src/camera.cpp" />
		<Unit filename="src/camera.h" />
		<Unit filename="src/color.h" />
		<Unit filename="src/constants.h" />
		<Unit filename="src/cxxptl_sdl.cpp" />
		<Unit filename="src/cxxptl_sdl.h" />
		<Unit filename="src/environment.cpp" />
		<Unit filename="src/environment.h" />
		<Unit filename="src/geometry.cpp" />
		<Unit filename="src/geometry.h" />
		<Unit filename="src/heightfield.cpp" />
		<Unit filename="src/heightfield.h" />
		<Unit filename="src/lights.cpp" />
		<Unit filename="src/lights.h" />
		<Unit filename="src/main.cpp" />
		<Unit filename="src/matrix.cpp" />
		<Unit filename="src/matrix.h" />
		<Unit filename="src/mesh.cpp" />
		<Unit filename="src/mesh.h" />
		<Unit filename="src/random_generator.cpp" />
		<Unit filename="src/random_generator.h" />
		<Unit filename="src/scene.cpp" />
		<Unit filename="src/scene.h" />
		<Unit filename="src/sdl.cpp" />
		<Unit filename="src/sdl.h" />
		<Unit filename="src/shading.cpp" />
		<Unit filename="src/shading.h" />
		<Unit filename="src/transform.h" />
		<Unit filename="src/util.cpp" />
		<Unit filename="src/util.h" />
		<Unit filename="src/vector.h" />
		<Extensions>
			<code_completion />
			<envvars />
			<debugger />
			<lib_finder disable_auto="1" />
		</Extensions>
	</Project>
</CodeBlocks_project_file>
